
Microsoft Visual Studio Solution File, Format Version 12.00
# Visual Studio Version 16
VisualStudioVersion = 16.0.31321.278
MinimumVisualStudioVersion = 10.0.40219.1
Project("{9A19103F-16F7-4668-BE54-9A1E7A4F7556}") = "Ducks_and_patterns", "Ducks_and_patterns\Ducks_and_patterns.csproj", "{1728D771-A580-4406-82F5-9DD65A8D946E}"
EndProject
Global
	GlobalSection(SolutionConfigurationPlatforms) = preSolution
		Debug|Any CPU = Debug|Any CPU
		Release|Any CPU = Release|Any CPU
	EndGlobalSection
	GlobalSection(ProjectConfigurationPlatforms) = postSolution
		{1728D771-A580-4406-82F5-9DD65A8D946E}.Debug|Any CPU.ActiveCfg = Debug|Any CPU
		{1728D771-A580-4406-82F5-9DD65A8D946E}.Debug|Any CPU.Build.0 = Debug|Any CPU
		{1728D771-A580-4406-82F5-9DD65A8D946E}.Release|Any CPU.ActiveCfg = Release|Any CPU
		{1728D771-A580-4406-82F5-9DD65A8D946E}.Release|Any CPU.Build.0 = Release|Any CPU
	EndGlobalSection
	GlobalSection(SolutionProperties) = preSolution
		HideSolutionNode = FALSE
	EndGlobalSection
	GlobalSection(ExtensibilityGlobals) = postSolution
		SolutionGuid = {ACE0E87F-E948-4763-8A9F-291F650F6D4F}
	EndGlobalSection
EndGlobal
