
Microsoft Visual Studio Solution File, Format Version 12.00
# Visual Studio Version 16
VisualStudioVersion = 16.0.31321.278
MinimumVisualStudioVersion = 10.0.40219.1
Project("{FAE04EC0-301F-11D3-BF4B-00C04F79EFBC}") = "Iterator-Component_and_patterns", "Iterator-Component_and_patterns\Iterator-Component_and_patterns.csproj", "{37AD4336-4F96-4FD3-85BB-BEECFC333E85}"
EndProject
Global
	GlobalSection(SolutionConfigurationPlatforms) = preSolution
		Debug|Any CPU = Debug|Any CPU
		Release|Any CPU = Release|Any CPU
	EndGlobalSection
	GlobalSection(ProjectConfigurationPlatforms) = postSolution
		{37AD4336-4F96-4FD3-85BB-BEECFC333E85}.Debug|Any CPU.ActiveCfg = Debug|Any CPU
		{37AD4336-4F96-4FD3-85BB-BEECFC333E85}.Debug|Any CPU.Build.0 = Debug|Any CPU
		{37AD4336-4F96-4FD3-85BB-BEECFC333E85}.Release|Any CPU.ActiveCfg = Release|Any CPU
		{37AD4336-4F96-4FD3-85BB-BEECFC333E85}.Release|Any CPU.Build.0 = Release|Any CPU
	EndGlobalSection
	GlobalSection(SolutionProperties) = preSolution
		HideSolutionNode = FALSE
	EndGlobalSection
	GlobalSection(ExtensibilityGlobals) = postSolution
		SolutionGuid = {A2189F14-97BB-44BA-8FD4-DDC07B97F28E}
	EndGlobalSection
EndGlobal
