
Microsoft Visual Studio Solution File, Format Version 12.00
# Visual Studio Version 16
VisualStudioVersion = 16.0.31321.278
MinimumVisualStudioVersion = 10.0.40219.1
Project("{FAE04EC0-301F-11D3-BF4B-00C04F79EFBC}") = "Adapter_and_patterns", "Adapter_and_patterns\Adapter_and_patterns.csproj", "{66B68AB9-E074-466A-80E1-C572E7D79F45}"
EndProject
Global
	GlobalSection(SolutionConfigurationPlatforms) = preSolution
		Debug|Any CPU = Debug|Any CPU
		Release|Any CPU = Release|Any CPU
	EndGlobalSection
	GlobalSection(ProjectConfigurationPlatforms) = postSolution
		{66B68AB9-E074-466A-80E1-C572E7D79F45}.Debug|Any CPU.ActiveCfg = Debug|Any CPU
		{66B68AB9-E074-466A-80E1-C572E7D79F45}.Debug|Any CPU.Build.0 = Debug|Any CPU
		{66B68AB9-E074-466A-80E1-C572E7D79F45}.Release|Any CPU.ActiveCfg = Release|Any CPU
		{66B68AB9-E074-466A-80E1-C572E7D79F45}.Release|Any CPU.Build.0 = Release|Any CPU
	EndGlobalSection
	GlobalSection(SolutionProperties) = preSolution
		HideSolutionNode = FALSE
	EndGlobalSection
	GlobalSection(ExtensibilityGlobals) = postSolution
		SolutionGuid = {35B4D150-7C25-40A9-A8A6-B80BD337933A}
	EndGlobalSection
EndGlobal
