
Microsoft Visual Studio Solution File, Format Version 12.00
# Visual Studio Version 16
VisualStudioVersion = 16.0.31321.278
MinimumVisualStudioVersion = 10.0.40219.1
Project("{FAE04EC0-301F-11D3-BF4B-00C04F79EFBC}") = "Figures", "Figures_MiniProject\Figures.csproj", "{9B3A0883-E0F3-460E-8AF7-07DD6C927F88}"
EndProject
Global
	GlobalSection(SolutionConfigurationPlatforms) = preSolution
		Debug|Any CPU = Debug|Any CPU
		Release|Any CPU = Release|Any CPU
	EndGlobalSection
	GlobalSection(ProjectConfigurationPlatforms) = postSolution
		{9B3A0883-E0F3-460E-8AF7-07DD6C927F88}.Debug|Any CPU.ActiveCfg = Debug|Any CPU
		{9B3A0883-E0F3-460E-8AF7-07DD6C927F88}.Debug|Any CPU.Build.0 = Debug|Any CPU
		{9B3A0883-E0F3-460E-8AF7-07DD6C927F88}.Release|Any CPU.ActiveCfg = Release|Any CPU
		{9B3A0883-E0F3-460E-8AF7-07DD6C927F88}.Release|Any CPU.Build.0 = Release|Any CPU
	EndGlobalSection
	GlobalSection(SolutionProperties) = preSolution
		HideSolutionNode = FALSE
	EndGlobalSection
	GlobalSection(ExtensibilityGlobals) = postSolution
		SolutionGuid = {C1030A1E-6B45-4CE6-86FE-BF9F908AC23C}
	EndGlobalSection
EndGlobal
