
Microsoft Visual Studio Solution File, Format Version 12.00
# Visual Studio Version 16
VisualStudioVersion = 16.0.31321.278
MinimumVisualStudioVersion = 10.0.40219.1
Project("{9A19103F-16F7-4668-BE54-9A1E7A4F7556}") = "weatherstation_and_patterns", "weatherdata_and_patterns\weatherstation_and_patterns.csproj", "{31EC189F-2C2A-432C-AB96-F025C004494D}"
EndProject
Global
	GlobalSection(SolutionConfigurationPlatforms) = preSolution
		Debug|Any CPU = Debug|Any CPU
		Release|Any CPU = Release|Any CPU
	EndGlobalSection
	GlobalSection(ProjectConfigurationPlatforms) = postSolution
		{31EC189F-2C2A-432C-AB96-F025C004494D}.Debug|Any CPU.ActiveCfg = Debug|Any CPU
		{31EC189F-2C2A-432C-AB96-F025C004494D}.Debug|Any CPU.Build.0 = Debug|Any CPU
		{31EC189F-2C2A-432C-AB96-F025C004494D}.Release|Any CPU.ActiveCfg = Release|Any CPU
		{31EC189F-2C2A-432C-AB96-F025C004494D}.Release|Any CPU.Build.0 = Release|Any CPU
	EndGlobalSection
	GlobalSection(SolutionProperties) = preSolution
		HideSolutionNode = FALSE
	EndGlobalSection
	GlobalSection(ExtensibilityGlobals) = postSolution
		SolutionGuid = {91766798-DA10-4EE8-848C-FB8C88C03B7D}
	EndGlobalSection
EndGlobal
