
Microsoft Visual Studio Solution File, Format Version 12.00
# Visual Studio Version 16
VisualStudioVersion = 16.0.31321.278
MinimumVisualStudioVersion = 10.0.40219.1
Project("{FAE04EC0-301F-11D3-BF4B-00C04F79EFBC}") = "Fabric_and_Patterns", "Pizza_and_Patterns\Fabric_and_Patterns.csproj", "{B367C796-8C54-45F1-B010-3E0A5B743213}"
EndProject
Global
	GlobalSection(SolutionConfigurationPlatforms) = preSolution
		Debug|Any CPU = Debug|Any CPU
		Release|Any CPU = Release|Any CPU
	EndGlobalSection
	GlobalSection(ProjectConfigurationPlatforms) = postSolution
		{B367C796-8C54-45F1-B010-3E0A5B743213}.Debug|Any CPU.ActiveCfg = Debug|Any CPU
		{B367C796-8C54-45F1-B010-3E0A5B743213}.Debug|Any CPU.Build.0 = Debug|Any CPU
		{B367C796-8C54-45F1-B010-3E0A5B743213}.Release|Any CPU.ActiveCfg = Release|Any CPU
		{B367C796-8C54-45F1-B010-3E0A5B743213}.Release|Any CPU.Build.0 = Release|Any CPU
	EndGlobalSection
	GlobalSection(SolutionProperties) = preSolution
		HideSolutionNode = FALSE
	EndGlobalSection
	GlobalSection(ExtensibilityGlobals) = postSolution
		SolutionGuid = {57C5DBE7-93FE-49C1-A9A5-D127191215EC}
	EndGlobalSection
EndGlobal
