
Microsoft Visual Studio Solution File, Format Version 12.00
# Visual Studio Version 16
VisualStudioVersion = 16.0.31321.278
MinimumVisualStudioVersion = 10.0.40219.1
Project("{FAE04EC0-301F-11D3-BF4B-00C04F79EFBC}") = "Singleton_and_patterns", "Singleton_and_patterns\Singleton_and_patterns.csproj", "{2B44B6F9-E6DA-4AC7-A1CF-8364DAED1E45}"
EndProject
Global
	GlobalSection(SolutionConfigurationPlatforms) = preSolution
		Debug|Any CPU = Debug|Any CPU
		Release|Any CPU = Release|Any CPU
	EndGlobalSection
	GlobalSection(ProjectConfigurationPlatforms) = postSolution
		{2B44B6F9-E6DA-4AC7-A1CF-8364DAED1E45}.Debug|Any CPU.ActiveCfg = Debug|Any CPU
		{2B44B6F9-E6DA-4AC7-A1CF-8364DAED1E45}.Debug|Any CPU.Build.0 = Debug|Any CPU
		{2B44B6F9-E6DA-4AC7-A1CF-8364DAED1E45}.Release|Any CPU.ActiveCfg = Release|Any CPU
		{2B44B6F9-E6DA-4AC7-A1CF-8364DAED1E45}.Release|Any CPU.Build.0 = Release|Any CPU
	EndGlobalSection
	GlobalSection(SolutionProperties) = preSolution
		HideSolutionNode = FALSE
	EndGlobalSection
	GlobalSection(ExtensibilityGlobals) = postSolution
		SolutionGuid = {1DD786C0-AE13-4CF4-AA9C-7890AACD7914}
	EndGlobalSection
EndGlobal
